
Microsoft Visual Studio Solution File, Format Version 12.00
# Visual Studio 15
VisualStudioVersion = 15.0.27004.2002
MinimumVisualStudioVersion = 10.0.40219.1
Project("{9A19103F-16F7-4668-BE54-9A1E7A4F7556}") = "todo-api", "src\todo-api\todo-api.csproj", "{8D0E704D-7230-49AB-932D-737D577DB63E}"
EndProject
Project("{9A19103F-16F7-4668-BE54-9A1E7A4F7556}") = "todo-db", "src\todo-db\todo-db.csproj", "{4CDBF1A9-FFBB-4905-8B24-E72E234D552C}"
EndProject
Project("{9A19103F-16F7-4668-BE54-9A1E7A4F7556}") = "todo-auth", "src\todo-auth\todo-auth.csproj", "{28F497F0-C09C-48A0-A791-1EA1EDACC34C}"
EndProject
Global
	GlobalSection(SolutionConfigurationPlatforms) = preSolution
		Debug|Any CPU = Debug|Any CPU
		Release|Any CPU = Release|Any CPU
	EndGlobalSection
	GlobalSection(ProjectConfigurationPlatforms) = postSolution
		{8D0E704D-7230-49AB-932D-737D577DB63E}.Debug|Any CPU.ActiveCfg = Debug|Any CPU
		{8D0E704D-7230-49AB-932D-737D577DB63E}.Debug|Any CPU.Build.0 = Debug|Any CPU
		{8D0E704D-7230-49AB-932D-737D577DB63E}.Release|Any CPU.ActiveCfg = Release|Any CPU
		{8D0E704D-7230-49AB-932D-737D577DB63E}.Release|Any CPU.Build.0 = Release|Any CPU
		{4CDBF1A9-FFBB-4905-8B24-E72E234D552C}.Debug|Any CPU.ActiveCfg = Debug|Any CPU
		{4CDBF1A9-FFBB-4905-8B24-E72E234D552C}.Debug|Any CPU.Build.0 = Debug|Any CPU
		{4CDBF1A9-FFBB-4905-8B24-E72E234D552C}.Release|Any CPU.ActiveCfg = Release|Any CPU
		{4CDBF1A9-FFBB-4905-8B24-E72E234D552C}.Release|Any CPU.Build.0 = Release|Any CPU
		{28F497F0-C09C-48A0-A791-1EA1EDACC34C}.Debug|Any CPU.ActiveCfg = Debug|Any CPU
		{28F497F0-C09C-48A0-A791-1EA1EDACC34C}.Debug|Any CPU.Build.0 = Debug|Any CPU
		{28F497F0-C09C-48A0-A791-1EA1EDACC34C}.Release|Any CPU.ActiveCfg = Release|Any CPU
		{28F497F0-C09C-48A0-A791-1EA1EDACC34C}.Release|Any CPU.Build.0 = Release|Any CPU
	EndGlobalSection
	GlobalSection(SolutionProperties) = preSolution
		HideSolutionNode = FALSE
	EndGlobalSection
	GlobalSection(ExtensibilityGlobals) = postSolution
		SolutionGuid = {02B0D484-4D19-48DF-9202-7EE716F59ACF}
	EndGlobalSection
EndGlobal
