
Microsoft Visual Studio Solution File, Format Version 12.00
# Visual Studio 15
VisualStudioVersion = 15.0.27428.2037
MinimumVisualStudioVersion = 10.0.40219.1
Project("{9A19103F-16F7-4668-BE54-9A1E7A4F7556}") = "todo-api", "src\todo-api\todo-api.csproj", "{8D0E704D-7230-49AB-932D-737D577DB63E}"
EndProject
Project("{FAE04EC0-301F-11D3-BF4B-00C04F79EFBC}") = "todo-db", "todo-db\todo-db.csproj", "{8E99D4A9-3F2E-49A5-AC30-483970E20179}"
EndProject
Global
	GlobalSection(SolutionConfigurationPlatforms) = preSolution
		Debug|Any CPU = Debug|Any CPU
		Release|Any CPU = Release|Any CPU
	EndGlobalSection
	GlobalSection(ProjectConfigurationPlatforms) = postSolution
		{8D0E704D-7230-49AB-932D-737D577DB63E}.Debug|Any CPU.ActiveCfg = Debug|Any CPU
		{8D0E704D-7230-49AB-932D-737D577DB63E}.Debug|Any CPU.Build.0 = Debug|Any CPU
		{8D0E704D-7230-49AB-932D-737D577DB63E}.Release|Any CPU.ActiveCfg = Release|Any CPU
		{8D0E704D-7230-49AB-932D-737D577DB63E}.Release|Any CPU.Build.0 = Release|Any CPU
		{8E99D4A9-3F2E-49A5-AC30-483970E20179}.Debug|Any CPU.ActiveCfg = Debug|Any CPU
		{8E99D4A9-3F2E-49A5-AC30-483970E20179}.Debug|Any CPU.Build.0 = Debug|Any CPU
		{8E99D4A9-3F2E-49A5-AC30-483970E20179}.Release|Any CPU.ActiveCfg = Release|Any CPU
		{8E99D4A9-3F2E-49A5-AC30-483970E20179}.Release|Any CPU.Build.0 = Release|Any CPU
	EndGlobalSection
	GlobalSection(SolutionProperties) = preSolution
		HideSolutionNode = FALSE
	EndGlobalSection
	GlobalSection(ExtensibilityGlobals) = postSolution
		SolutionGuid = {02B0D484-4D19-48DF-9202-7EE716F59ACF}
	EndGlobalSection
EndGlobal
